
Microsoft Visual Studio Solution File, Format Version 12.00
# Visual Studio 15
VisualStudioVersion = 15.0.27703.2026
MinimumVisualStudioVersion = 10.0.40219.1
Project("{9A19103F-16F7-4668-BE54-9A1E7A4F7556}") = "Lab1_PV", "Lab1_PV.csproj", "{D924DC78-29DB-4A1F-99DC-A7E3763DA175}"
EndProject
Global
	GlobalSection(SolutionConfigurationPlatforms) = preSolution
		Debug|Any CPU = Debug|Any CPU
		Release|Any CPU = Release|Any CPU
	EndGlobalSection
	GlobalSection(ProjectConfigurationPlatforms) = postSolution
		{D924DC78-29DB-4A1F-99DC-A7E3763DA175}.Debug|Any CPU.ActiveCfg = Debug|Any CPU
		{D924DC78-29DB-4A1F-99DC-A7E3763DA175}.Debug|Any CPU.Build.0 = Debug|Any CPU
		{D924DC78-29DB-4A1F-99DC-A7E3763DA175}.Release|Any CPU.ActiveCfg = Release|Any CPU
		{D924DC78-29DB-4A1F-99DC-A7E3763DA175}.Release|Any CPU.Build.0 = Release|Any CPU
	EndGlobalSection
	GlobalSection(SolutionProperties) = preSolution
		HideSolutionNode = FALSE
	EndGlobalSection
	GlobalSection(ExtensibilityGlobals) = postSolution
		SolutionGuid = {D96EC968-84B3-49F7-A370-41DCF6A87CA9}
	EndGlobalSection
EndGlobal
